
Microsoft Visual Studio Solution File, Format Version 12.00
# Visual Studio Version 17
VisualStudioVersion = 17.0.31825.309
MinimumVisualStudioVersion = 10.0.40219.1
Project("{8BC9CEB8-8B4A-11D0-8D11-00A0C91BC942}") = "数据结构", "数据结构.vcxproj", "{C767F66F-6E28-4B0C-B2D7-7BE8069CEA6F}"
EndProject
Global
	GlobalSection(SolutionConfigurationPlatforms) = preSolution
		Debug|x64 = Debug|x64
		Debug|x86 = Debug|x86
		Release|x64 = Release|x64
		Release|x86 = Release|x86
	EndGlobalSection
	GlobalSection(ProjectConfigurationPlatforms) = postSolution
		{C767F66F-6E28-4B0C-B2D7-7BE8069CEA6F}.Debug|x64.ActiveCfg = Debug|x64
		{C767F66F-6E28-4B0C-B2D7-7BE8069CEA6F}.Debug|x64.Build.0 = Debug|x64
		{C767F66F-6E28-4B0C-B2D7-7BE8069CEA6F}.Debug|x86.ActiveCfg = Debug|Win32
		{C767F66F-6E28-4B0C-B2D7-7BE8069CEA6F}.Debug|x86.Build.0 = Debug|Win32
		{C767F66F-6E28-4B0C-B2D7-7BE8069CEA6F}.Release|x64.ActiveCfg = Release|x64
		{C767F66F-6E28-4B0C-B2D7-7BE8069CEA6F}.Release|x64.Build.0 = Release|x64
		{C767F66F-6E28-4B0C-B2D7-7BE8069CEA6F}.Release|x86.ActiveCfg = Release|Win32
		{C767F66F-6E28-4B0C-B2D7-7BE8069CEA6F}.Release|x86.Build.0 = Release|Win32
	EndGlobalSection
	GlobalSection(SolutionProperties) = preSolution
		HideSolutionNode = FALSE
	EndGlobalSection
	GlobalSection(ExtensibilityGlobals) = postSolution
		SolutionGuid = {8C176A4F-9640-4900-80F4-D50A090AB5A2}
	EndGlobalSection
EndGlobal
